// !$*UTF8*$!
{
	archiveVersion = 1;
	classes = {
	};
	objectVersion = 56;
	objects = {

/* Begin PBXBuildFile section */
		4FA363D52CDF488100AB3898 /* AppDelegate.swift in Sources */ = {isa = PBXBuildFile; fileRef = 4FA363D42CDF488100AB3898 /* AppDelegate.swift */; };
		4FA363D72CDF488100AB3898 /* SceneDelegate.swift in Sources */ = {isa = PBXBuildFile; fileRef = 4FA363D62CDF488100AB3898 /* SceneDelegate.swift */; };
		4FA363D92CDF488100AB3898 /* ViewController.swift in Sources */ = {isa = PBXBuildFile; fileRef = 4FA363D82CDF488100AB3898 /* ViewController.swift */; };
		4FA363DF2CDF488100AB3898 /* Weather15.xcdatamodeld in Sources */ = {isa = PBXBuildFile; fileRef = 4FA363DD2CDF488100AB3898 /* Weather15.xcdatamodeld */; };
		4FA363E12CDF488200AB3898 /* Assets.xcassets in Resources */ = {isa = PBXBuildFile; fileRef = 4FA363E02CDF488200AB3898 /* Assets.xcassets */; };
		4FA363E42CDF488200AB3898 /* Base in Resources */ = {isa = PBXBuildFile; fileRef = 4FA363E32CDF488200AB3898 /* Base */; };
		4FA363EF2CDF488200AB3898 /* Weather15Tests.swift in Sources */ = {isa = PBXBuildFile; fileRef = 4FA363EE2CDF488200AB3898 /* Weather15Tests.swift */; };
		4FA363F92CDF488200AB3898 /* Weather15UITests.swift in Sources */ = {isa = PBXBuildFile; fileRef = 4FA363F82CDF488200AB3898 /* Weather15UITests.swift */; };
		4FA363FB2CDF488200AB3898 /* Weather15UITestsLaunchTests.swift in Sources */ = {isa = PBXBuildFile; fileRef = 4FA363FA2CDF488200AB3898 /* Weather15UITestsLaunchTests.swift */; };
		4FA3640C2CDF4F0B00AB3898 /* WeatherViewCell.swift in Sources */ = {isa = PBXBuildFile; fileRef = 4FA3640B2CDF4F0B00AB3898 /* WeatherViewCell.swift */; };
		4FA3640E2CDF52DC00AB3898 /* CityWeatherResponse.swift in Sources */ = {isa = PBXBuildFile; fileRef = 4FA3640D2CDF52DC00AB3898 /* CityWeatherResponse.swift */; };
		4FA364102CDF538800AB3898 /* Networking.swift in Sources */ = {isa = PBXBuildFile; fileRef = 4FA3640F2CDF538800AB3898 /* Networking.swift */; };
		4FA364122CDF542E00AB3898 /* NetworkingTests.swift in Sources */ = {isa = PBXBuildFile; fileRef = 4FA364112CDF542E00AB3898 /* NetworkingTests.swift */; };
		4FA364152CDF57CC00AB3898 /* NetworkMocking.swift in Sources */ = {isa = PBXBuildFile; fileRef = 4FA364142CDF57CC00AB3898 /* NetworkMocking.swift */; };
		4FA364192CDF6C0800AB3898 /* Coordinate.swift in Sources */ = {isa = PBXBuildFile; fileRef = 4FA364182CDF6C0800AB3898 /* Coordinate.swift */; };
		4FA3641B2CDF6C1C00AB3898 /* Weather.swift in Sources */ = {isa = PBXBuildFile; fileRef = 4FA3641A2CDF6C1C00AB3898 /* Weather.swift */; };
		4FA3641D2CDF6C3400AB3898 /* WeatherMain.swift in Sources */ = {isa = PBXBuildFile; fileRef = 4FA3641C2CDF6C3400AB3898 /* WeatherMain.swift */; };
		4FA3641F2CDF6C4600AB3898 /* WeatherWind.swift in Sources */ = {isa = PBXBuildFile; fileRef = 4FA3641E2CDF6C4600AB3898 /* WeatherWind.swift */; };
		4FA364212CDF6C5500AB3898 /* WeatherCloud.swift in Sources */ = {isa = PBXBuildFile; fileRef = 4FA364202CDF6C5500AB3898 /* WeatherCloud.swift */; };
		4FA364232CDF6CD300AB3898 /* WeatherSys.swift in Sources */ = {isa = PBXBuildFile; fileRef = 4FA364222CDF6CD300AB3898 /* WeatherSys.swift */; };
		4FA364252CDF7BDB00AB3898 /* CityWeather.swift in Sources */ = {isa = PBXBuildFile; fileRef = 4FA364242CDF7BDB00AB3898 /* CityWeather.swift */; };
		4FA364282CDF7E5400AB3898 /* CitesWeatherViewModel.swift in Sources */ = {isa = PBXBuildFile; fileRef = 4FA364272CDF7E5400AB3898 /* CitesWeatherViewModel.swift */; };
/* End PBXBuildFile section */

/* Begin PBXContainerItemProxy section */
		4FA363EB2CDF488200AB3898 /* PBXContainerItemProxy */ = {
			isa = PBXContainerItemProxy;
			containerPortal = 4FA363C92CDF488100AB3898 /* Project object */;
			proxyType = 1;
			remoteGlobalIDString = 4FA363D02CDF488100AB3898;
			remoteInfo = Weather15;
		};
		4FA363F52CDF488200AB3898 /* PBXContainerItemProxy */ = {
			isa = PBXContainerItemProxy;
			containerPortal = 4FA363C92CDF488100AB3898 /* Project object */;
			proxyType = 1;
			remoteGlobalIDString = 4FA363D02CDF488100AB3898;
			remoteInfo = Weather15;
		};
/* End PBXContainerItemProxy section */

/* Begin PBXFileReference section */
		4FA363D12CDF488100AB3898 /* Weather15.app */ = {isa = PBXFileReference; explicitFileType = wrapper.application; includeInIndex = 0; path = Weather15.app; sourceTree = BUILT_PRODUCTS_DIR; };
		4FA363D42CDF488100AB3898 /* AppDelegate.swift */ = {isa = PBXFileReference; lastKnownFileType = sourcecode.swift; path = AppDelegate.swift; sourceTree = "<group>"; };
		4FA363D62CDF488100AB3898 /* SceneDelegate.swift */ = {isa = PBXFileReference; lastKnownFileType = sourcecode.swift; path = SceneDelegate.swift; sourceTree = "<group>"; };
		4FA363D82CDF488100AB3898 /* ViewController.swift */ = {isa = PBXFileReference; lastKnownFileType = sourcecode.swift; path = ViewController.swift; sourceTree = "<group>"; };
		4FA363DE2CDF488100AB3898 /* Weather15.xcdatamodel */ = {isa = PBXFileReference; lastKnownFileType = wrapper.xcdatamodel; path = Weather15.xcdatamodel; sourceTree = "<group>"; };
		4FA363E02CDF488200AB3898 /* Assets.xcassets */ = {isa = PBXFileReference; lastKnownFileType = folder.assetcatalog; path = Assets.xcassets; sourceTree = "<group>"; };
		4FA363E32CDF488200AB3898 /* Base */ = {isa = PBXFileReference; lastKnownFileType = file.storyboard; name = Base; path = Base.lproj/LaunchScreen.storyboard; sourceTree = "<group>"; };
		4FA363E52CDF488200AB3898 /* Info.plist */ = {isa = PBXFileReference; lastKnownFileType = text.plist.xml; path = Info.plist; sourceTree = "<group>"; };
		4FA363EA2CDF488200AB3898 /* Weather15Tests.xctest */ = {isa = PBXFileReference; explicitFileType = wrapper.cfbundle; includeInIndex = 0; path = Weather15Tests.xctest; sourceTree = BUILT_PRODUCTS_DIR; };
		4FA363EE2CDF488200AB3898 /* Weather15Tests.swift */ = {isa = PBXFileReference; lastKnownFileType = sourcecode.swift; path = Weather15Tests.swift; sourceTree = "<group>"; };
		4FA363F42CDF488200AB3898 /* Weather15UITests.xctest */ = {isa = PBXFileReference; explicitFileType = wrapper.cfbundle; includeInIndex = 0; path = Weather15UITests.xctest; sourceTree = BUILT_PRODUCTS_DIR; };
		4FA363F82CDF488200AB3898 /* Weather15UITests.swift */ = {isa = PBXFileReference; lastKnownFileType = sourcecode.swift; path = Weather15UITests.swift; sourceTree = "<group>"; };
		4FA363FA2CDF488200AB3898 /* Weather15UITestsLaunchTests.swift */ = {isa = PBXFileReference; lastKnownFileType = sourcecode.swift; path = Weather15UITestsLaunchTests.swift; sourceTree = "<group>"; };
		4FA3640B2CDF4F0B00AB3898 /* WeatherViewCell.swift */ = {isa = PBXFileReference; lastKnownFileType = sourcecode.swift; path = WeatherViewCell.swift; sourceTree = "<group>"; };
		4FA3640D2CDF52DC00AB3898 /* CityWeatherResponse.swift */ = {isa = PBXFileReference; lastKnownFileType = sourcecode.swift; path = CityWeatherResponse.swift; sourceTree = "<group>"; };
		4FA3640F2CDF538800AB3898 /* Networking.swift */ = {isa = PBXFileReference; lastKnownFileType = sourcecode.swift; path = Networking.swift; sourceTree = "<group>"; };
		4FA364112CDF542E00AB3898 /* NetworkingTests.swift */ = {isa = PBXFileReference; lastKnownFileType = sourcecode.swift; path = NetworkingTests.swift; sourceTree = "<group>"; };
		4FA364142CDF57CC00AB3898 /* NetworkMocking.swift */ = {isa = PBXFileReference; lastKnownFileType = sourcecode.swift; path = NetworkMocking.swift; sourceTree = "<group>"; };
		4FA364182CDF6C0800AB3898 /* Coordinate.swift */ = {isa = PBXFileReference; lastKnownFileType = sourcecode.swift; path = Coordinate.swift; sourceTree = "<group>"; };
		4FA3641A2CDF6C1C00AB3898 /* Weather.swift */ = {isa = PBXFileReference; lastKnownFileType = sourcecode.swift; path = Weather.swift; sourceTree = "<group>"; };
		4FA3641C2CDF6C3400AB3898 /* WeatherMain.swift */ = {isa = PBXFileReference; lastKnownFileType = sourcecode.swift; path = WeatherMain.swift; sourceTree = "<group>"; };
		4FA3641E2CDF6C4600AB3898 /* WeatherWind.swift */ = {isa = PBXFileReference; lastKnownFileType = sourcecode.swift; path = WeatherWind.swift; sourceTree = "<group>"; };
		4FA364202CDF6C5500AB3898 /* WeatherCloud.swift */ = {isa = PBXFileReference; lastKnownFileType = sourcecode.swift; path = WeatherCloud.swift; sourceTree = "<group>"; };
		4FA364222CDF6CD300AB3898 /* WeatherSys.swift */ = {isa = PBXFileReference; lastKnownFileType = sourcecode.swift; path = WeatherSys.swift; sourceTree = "<group>"; };
		4FA364242CDF7BDB00AB3898 /* CityWeather.swift */ = {isa = PBXFileReference; lastKnownFileType = sourcecode.swift; path = CityWeather.swift; sourceTree = "<group>"; };
		4FA364272CDF7E5400AB3898 /* CitesWeatherViewModel.swift */ = {isa = PBXFileReference; lastKnownFileType = sourcecode.swift; path = CitesWeatherViewModel.swift; sourceTree = "<group>"; };
/* End PBXFileReference section */

/* Begin PBXFrameworksBuildPhase section */
		4FA363CE2CDF488100AB3898 /* Frameworks */ = {
			isa = PBXFrameworksBuildPhase;
			buildActionMask = 2147483647;
			files = (
			);
			runOnlyForDeploymentPostprocessing = 0;
		};
		4FA363E72CDF488200AB3898 /* Frameworks */ = {
			isa = PBXFrameworksBuildPhase;
			buildActionMask = 2147483647;
			files = (
			);
			runOnlyForDeploymentPostprocessing = 0;
		};
		4FA363F12CDF488200AB3898 /* Frameworks */ = {
			isa = PBXFrameworksBuildPhase;
			buildActionMask = 2147483647;
			files = (
			);
			runOnlyForDeploymentPostprocessing = 0;
		};
/* End PBXFrameworksBuildPhase section */

/* Begin PBXGroup section */
		4FA363C82CDF488100AB3898 = {
			isa = PBXGroup;
			children = (
				4FA363D32CDF488100AB3898 /* Weather15 */,
				4FA363ED2CDF488200AB3898 /* Weather15Tests */,
				4FA363F72CDF488200AB3898 /* Weather15UITests */,
				4FA363D22CDF488100AB3898 /* Products */,
			);
			sourceTree = "<group>";
		};
		4FA363D22CDF488100AB3898 /* Products */ = {
			isa = PBXGroup;
			children = (
				4FA363D12CDF488100AB3898 /* Weather15.app */,
				4FA363EA2CDF488200AB3898 /* Weather15Tests.xctest */,
				4FA363F42CDF488200AB3898 /* Weather15UITests.xctest */,
			);
			name = Products;
			sourceTree = "<group>";
		};
		4FA363D32CDF488100AB3898 /* Weather15 */ = {
			isa = PBXGroup;
			children = (
				4FA363D42CDF488100AB3898 /* AppDelegate.swift */,
				4FA363D62CDF488100AB3898 /* SceneDelegate.swift */,
				4FA363E02CDF488200AB3898 /* Assets.xcassets */,
				4FA363E22CDF488200AB3898 /* LaunchScreen.storyboard */,
				4FA363E52CDF488200AB3898 /* Info.plist */,
				4FA363DD2CDF488100AB3898 /* Weather15.xcdatamodeld */,
				4FA3640A2CDF4E9800AB3898 /* Misc */,
				4FA364092CDF4E8200AB3898 /* Controllers */,
				4FA364082CDF4E7C00AB3898 /* Views */,
				4FA364262CDF7E3100AB3898 /* ViewModels */,
				4FA364072CDF4E7300AB3898 /* Models */,
			);
			path = Weather15;
			sourceTree = "<group>";
		};
		4FA363ED2CDF488200AB3898 /* Weather15Tests */ = {
			isa = PBXGroup;
			children = (
				4FA364132CDF57BC00AB3898 /* Mocks */,
				4FA363EE2CDF488200AB3898 /* Weather15Tests.swift */,
				4FA364112CDF542E00AB3898 /* NetworkingTests.swift */,
			);
			path = Weather15Tests;
			sourceTree = "<group>";
		};
		4FA363F72CDF488200AB3898 /* Weather15UITests */ = {
			isa = PBXGroup;
			children = (
				4FA363F82CDF488200AB3898 /* Weather15UITests.swift */,
				4FA363FA2CDF488200AB3898 /* Weather15UITestsLaunchTests.swift */,
			);
			path = Weather15UITests;
			sourceTree = "<group>";
		};
		4FA364072CDF4E7300AB3898 /* Models */ = {
			isa = PBXGroup;
			children = (
				4FA364242CDF7BDB00AB3898 /* CityWeather.swift */,
				4FA3640D2CDF52DC00AB3898 /* CityWeatherResponse.swift */,
				4FA364182CDF6C0800AB3898 /* Coordinate.swift */,
				4FA3641A2CDF6C1C00AB3898 /* Weather.swift */,
				4FA3641C2CDF6C3400AB3898 /* WeatherMain.swift */,
				4FA3641E2CDF6C4600AB3898 /* WeatherWind.swift */,
				4FA364202CDF6C5500AB3898 /* WeatherCloud.swift */,
				4FA364222CDF6CD300AB3898 /* WeatherSys.swift */,
			);
			path = Models;
			sourceTree = "<group>";
		};
		4FA364082CDF4E7C00AB3898 /* Views */ = {
			isa = PBXGroup;
			children = (
				4FA3640B2CDF4F0B00AB3898 /* WeatherViewCell.swift */,
			);
			path = Views;
			sourceTree = "<group>";
		};
		4FA364092CDF4E8200AB3898 /* Controllers */ = {
			isa = PBXGroup;
			children = (
				4FA363D82CDF488100AB3898 /* ViewController.swift */,
			);
			path = Controllers;
			sourceTree = "<group>";
		};
		4FA3640A2CDF4E9800AB3898 /* Misc */ = {
			isa = PBXGroup;
			children = (
				4FA3640F2CDF538800AB3898 /* Networking.swift */,
			);
			path = Misc;
			sourceTree = "<group>";
		};
		4FA364132CDF57BC00AB3898 /* Mocks */ = {
			isa = PBXGroup;
			children = (
				4FA364142CDF57CC00AB3898 /* NetworkMocking.swift */,
			);
			path = Mocks;
			sourceTree = "<group>";
		};
		4FA364262CDF7E3100AB3898 /* ViewModels */ = {
			isa = PBXGroup;
			children = (
				4FA364272CDF7E5400AB3898 /* CitesWeatherViewModel.swift */,
			);
			path = ViewModels;
			sourceTree = "<group>";
		};
/* End PBXGroup section */

/* Begin PBXNativeTarget section */
		4FA363D02CDF488100AB3898 /* Weather15 */ = {
			isa = PBXNativeTarget;
			buildConfigurationList = 4FA363FE2CDF488200AB3898 /* Build configuration list for PBXNativeTarget "Weather15" */;
			buildPhases = (
				4FA363CD2CDF488100AB3898 /* Sources */,
				4FA363CE2CDF488100AB3898 /* Frameworks */,
				4FA363CF2CDF488100AB3898 /* Resources */,
			);
			buildRules = (
			);
			dependencies = (
			);
			name = Weather15;
			productName = Weather15;
			productReference = 4FA363D12CDF488100AB3898 /* Weather15.app */;
			productType = "com.apple.product-type.application";
		};
		4FA363E92CDF488200AB3898 /* Weather15Tests */ = {
			isa = PBXNativeTarget;
			buildConfigurationList = 4FA364012CDF488200AB3898 /* Build configuration list for PBXNativeTarget "Weather15Tests" */;
			buildPhases = (
				4FA363E62CDF488200AB3898 /* Sources */,
				4FA363E72CDF488200AB3898 /* Frameworks */,
				4FA363E82CDF488200AB3898 /* Resources */,
			);
			buildRules = (
			);
			dependencies = (
				4FA363EC2CDF488200AB3898 /* PBXTargetDependency */,
			);
			name = Weather15Tests;
			productName = Weather15Tests;
			productReference = 4FA363EA2CDF488200AB3898 /* Weather15Tests.xctest */;
			productType = "com.apple.product-type.bundle.unit-test";
		};
		4FA363F32CDF488200AB3898 /* Weather15UITests */ = {
			isa = PBXNativeTarget;
			buildConfigurationList = 4FA364042CDF488200AB3898 /* Build configuration list for PBXNativeTarget "Weather15UITests" */;
			buildPhases = (
				4FA363F02CDF488200AB3898 /* Sources */,
				4FA363F12CDF488200AB3898 /* Frameworks */,
				4FA363F22CDF488200AB3898 /* Resources */,
			);
			buildRules = (
			);
			dependencies = (
				4FA363F62CDF488200AB3898 /* PBXTargetDependency */,
			);
			name = Weather15UITests;
			productName = Weather15UITests;
			productReference = 4FA363F42CDF488200AB3898 /* Weather15UITests.xctest */;
			productType = "com.apple.product-type.bundle.ui-testing";
		};
/* End PBXNativeTarget section */

/* Begin PBXProject section */
		4FA363C92CDF488100AB3898 /* Project object */ = {
			isa = PBXProject;
			attributes = {
				BuildIndependentTargetsInParallel = 1;
				LastSwiftUpdateCheck = 1540;
				LastUpgradeCheck = 1540;
				TargetAttributes = {
					4FA363D02CDF488100AB3898 = {
						CreatedOnToolsVersion = 15.4;
					};
					4FA363E92CDF488200AB3898 = {
						CreatedOnToolsVersion = 15.4;
						TestTargetID = 4FA363D02CDF488100AB3898;
					};
					4FA363F32CDF488200AB3898 = {
						CreatedOnToolsVersion = 15.4;
						TestTargetID = 4FA363D02CDF488100AB3898;
					};
				};
			};
			buildConfigurationList = 4FA363CC2CDF488100AB3898 /* Build configuration list for PBXProject "Weather15" */;
			compatibilityVersion = "Xcode 14.0";
			developmentRegion = en;
			hasScannedForEncodings = 0;
			knownRegions = (
				en,
				Base,
			);
			mainGroup = 4FA363C82CDF488100AB3898;
			productRefGroup = 4FA363D22CDF488100AB3898 /* Products */;
			projectDirPath = "";
			projectRoot = "";
			targets = (
				4FA363D02CDF488100AB3898 /* Weather15 */,
				4FA363E92CDF488200AB3898 /* Weather15Tests */,
				4FA363F32CDF488200AB3898 /* Weather15UITests */,
			);
		};
/* End PBXProject section */

/* Begin PBXResourcesBuildPhase section */
		4FA363CF2CDF488100AB3898 /* Resources */ = {
			isa = PBXResourcesBuildPhase;
			buildActionMask = 2147483647;
			files = (
				4FA363E12CDF488200AB3898 /* Assets.xcassets in Resources */,
				4FA363E42CDF488200AB3898 /* Base in Resources */,
			);
			runOnlyForDeploymentPostprocessing = 0;
		};
		4FA363E82CDF488200AB3898 /* Resources */ = {
			isa = PBXResourcesBuildPhase;
			buildActionMask = 2147483647;
			files = (
			);
			runOnlyForDeploymentPostprocessing = 0;
		};
		4FA363F22CDF488200AB3898 /* Resources */ = {
			isa = PBXResourcesBuildPhase;
			buildActionMask = 2147483647;
			files = (
			);
			runOnlyForDeploymentPostprocessing = 0;
		};
/* End PBXResourcesBuildPhase section */

/* Begin PBXSourcesBuildPhase section */
		4FA363CD2CDF488100AB3898 /* Sources */ = {
			isa = PBXSourcesBuildPhase;
			buildActionMask = 2147483647;
			files = (
				4FA364232CDF6CD300AB3898 /* WeatherSys.swift in Sources */,
				4FA3640C2CDF4F0B00AB3898 /* WeatherViewCell.swift in Sources */,
				4FA363DF2CDF488100AB3898 /* Weather15.xcdatamodeld in Sources */,
				4FA3640E2CDF52DC00AB3898 /* CityWeatherResponse.swift in Sources */,
				4FA363D92CDF488100AB3898 /* ViewController.swift in Sources */,
				4FA3641D2CDF6C3400AB3898 /* WeatherMain.swift in Sources */,
				4FA3641B2CDF6C1C00AB3898 /* Weather.swift in Sources */,
				4FA363D52CDF488100AB3898 /* AppDelegate.swift in Sources */,
				4FA364192CDF6C0800AB3898 /* Coordinate.swift in Sources */,
				4FA364282CDF7E5400AB3898 /* CitesWeatherViewModel.swift in Sources */,
				4FA364102CDF538800AB3898 /* Networking.swift in Sources */,
				4FA364252CDF7BDB00AB3898 /* CityWeather.swift in Sources */,
				4FA3641F2CDF6C4600AB3898 /* WeatherWind.swift in Sources */,
				4FA364212CDF6C5500AB3898 /* WeatherCloud.swift in Sources */,
				4FA363D72CDF488100AB3898 /* SceneDelegate.swift in Sources */,
			);
			runOnlyForDeploymentPostprocessing = 0;
		};
		4FA363E62CDF488200AB3898 /* Sources */ = {
			isa = PBXSourcesBuildPhase;
			buildActionMask = 2147483647;
			files = (
				4FA363EF2CDF488200AB3898 /* Weather15Tests.swift in Sources */,
				4FA364152CDF57CC00AB3898 /* NetworkMocking.swift in Sources */,
				4FA364122CDF542E00AB3898 /* NetworkingTests.swift in Sources */,
			);
			runOnlyForDeploymentPostprocessing = 0;
		};
		4FA363F02CDF488200AB3898 /* Sources */ = {
			isa = PBXSourcesBuildPhase;
			buildActionMask = 2147483647;
			files = (
				4FA363F92CDF488200AB3898 /* Weather15UITests.swift in Sources */,
				4FA363FB2CDF488200AB3898 /* Weather15UITestsLaunchTests.swift in Sources */,
			);
			runOnlyForDeploymentPostprocessing = 0;
		};
/* End PBXSourcesBuildPhase section */

/* Begin PBXTargetDependency section */
		4FA363EC2CDF488200AB3898 /* PBXTargetDependency */ = {
			isa = PBXTargetDependency;
			target = 4FA363D02CDF488100AB3898 /* Weather15 */;
			targetProxy = 4FA363EB2CDF488200AB3898 /* PBXContainerItemProxy */;
		};
		4FA363F62CDF488200AB3898 /* PBXTargetDependency */ = {
			isa = PBXTargetDependency;
			target = 4FA363D02CDF488100AB3898 /* Weather15 */;
			targetProxy = 4FA363F52CDF488200AB3898 /* PBXContainerItemProxy */;
		};
/* End PBXTargetDependency section */

/* Begin PBXVariantGroup section */
		4FA363E22CDF488200AB3898 /* LaunchScreen.storyboard */ = {
			isa = PBXVariantGroup;
			children = (
				4FA363E32CDF488200AB3898 /* Base */,
			);
			name = LaunchScreen.storyboard;
			sourceTree = "<group>";
		};
/* End PBXVariantGroup section */

/* Begin XCBuildConfiguration section */
		4FA363FC2CDF488200AB3898 /* Debug */ = {
			isa = XCBuildConfiguration;
			buildSettings = {
				ALWAYS_SEARCH_USER_PATHS = NO;
				ASSETCATALOG_COMPILER_GENERATE_SWIFT_ASSET_SYMBOL_EXTENSIONS = YES;
				CLANG_ANALYZER_NONNULL = YES;
				CLANG_ANALYZER_NUMBER_OBJECT_CONVERSION = YES_AGGRESSIVE;
				CLANG_CXX_LANGUAGE_STANDARD = "gnu++20";
				CLANG_ENABLE_MODULES = YES;
				CLANG_ENABLE_OBJC_ARC = YES;
				CLANG_ENABLE_OBJC_WEAK = YES;
				CLANG_WARN_BLOCK_CAPTURE_AUTORELEASING = YES;
				CLANG_WARN_BOOL_CONVERSION = YES;
				CLANG_WARN_COMMA = YES;
				CLANG_WARN_CONSTANT_CONVERSION = YES;
				CLANG_WARN_DEPRECATED_OBJC_IMPLEMENTATIONS = YES;
				CLANG_WARN_DIRECT_OBJC_ISA_USAGE = YES_ERROR;
				CLANG_WARN_DOCUMENTATION_COMMENTS = YES;
				CLANG_WARN_EMPTY_BODY = YES;
				CLANG_WARN_ENUM_CONVERSION = YES;
				CLANG_WARN_INFINITE_RECURSION = YES;
				CLANG_WARN_INT_CONVERSION = YES;
				CLANG_WARN_NON_LITERAL_NULL_CONVERSION = YES;
				CLANG_WARN_OBJC_IMPLICIT_RETAIN_SELF = YES;
				CLANG_WARN_OBJC_LITERAL_CONVERSION = YES;
				CLANG_WARN_OBJC_ROOT_CLASS = YES_ERROR;
				CLANG_WARN_QUOTED_INCLUDE_IN_FRAMEWORK_HEADER = YES;
				CLANG_WARN_RANGE_LOOP_ANALYSIS = YES;
				CLANG_WARN_STRICT_PROTOTYPES = YES;
				CLANG_WARN_SUSPICIOUS_MOVE = YES;
				CLANG_WARN_UNGUARDED_AVAILABILITY = YES_AGGRESSIVE;
				CLANG_WARN_UNREACHABLE_CODE = YES;
				CLANG_WARN__DUPLICATE_METHOD_MATCH = YES;
				COPY_PHASE_STRIP = NO;
				DEBUG_INFORMATION_FORMAT = dwarf;
				ENABLE_STRICT_OBJC_MSGSEND = YES;
				ENABLE_TESTABILITY = YES;
				ENABLE_USER_SCRIPT_SANDBOXING = YES;
				GCC_C_LANGUAGE_STANDARD = gnu17;
				GCC_DYNAMIC_NO_PIC = NO;
				GCC_NO_COMMON_BLOCKS = YES;
				GCC_OPTIMIZATION_LEVEL = 0;
				GCC_PREPROCESSOR_DEFINITIONS = (
					"DEBUG=1",
					"$(inherited)",
				);
				GCC_WARN_64_TO_32_BIT_CONVERSION = YES;
				GCC_WARN_ABOUT_RETURN_TYPE = YES_ERROR;
				GCC_WARN_UNDECLARED_SELECTOR = YES;
				GCC_WARN_UNINITIALIZED_AUTOS = YES_AGGRESSIVE;
				GCC_WARN_UNUSED_FUNCTION = YES;
				GCC_WARN_UNUSED_VARIABLE = YES;
				IPHONEOS_DEPLOYMENT_TARGET = 17.5;
				LOCALIZATION_PREFERS_STRING_CATALOGS = YES;
				MTL_ENABLE_DEBUG_INFO = INCLUDE_SOURCE;
				MTL_FAST_MATH = YES;
				ONLY_ACTIVE_ARCH = YES;
				SDKROOT = iphoneos;
				SWIFT_ACTIVE_COMPILATION_CONDITIONS = "DEBUG $(inherited)";
				SWIFT_OPTIMIZATION_LEVEL = "-Onone";
			};
			name = Debug;
		};
		4FA363FD2CDF488200AB3898 /* Release */ = {
			isa = XCBuildConfiguration;
			buildSettings = {
				ALWAYS_SEARCH_USER_PATHS = NO;
				ASSETCATALOG_COMPILER_GENERATE_SWIFT_ASSET_SYMBOL_EXTENSIONS = YES;
				CLANG_ANALYZER_NONNULL = YES;
				CLANG_ANALYZER_NUMBER_OBJECT_CONVERSION = YES_AGGRESSIVE;
				CLANG_CXX_LANGUAGE_STANDARD = "gnu++20";
				CLANG_ENABLE_MODULES = YES;
				CLANG_ENABLE_OBJC_ARC = YES;
				CLANG_ENABLE_OBJC_WEAK = YES;
				CLANG_WARN_BLOCK_CAPTURE_AUTORELEASING = YES;
				CLANG_WARN_BOOL_CONVERSION = YES;
				CLANG_WARN_COMMA = YES;
				CLANG_WARN_CONSTANT_CONVERSION = YES;
				CLANG_WARN_DEPRECATED_OBJC_IMPLEMENTATIONS = YES;
				CLANG_WARN_DIRECT_OBJC_ISA_USAGE = YES_ERROR;
				CLANG_WARN_DOCUMENTATION_COMMENTS = YES;
				CLANG_WARN_EMPTY_BODY = YES;
				CLANG_WARN_ENUM_CONVERSION = YES;
				CLANG_WARN_INFINITE_RECURSION = YES;
				CLANG_WARN_INT_CONVERSION = YES;
				CLANG_WARN_NON_LITERAL_NULL_CONVERSION = YES;
				CLANG_WARN_OBJC_IMPLICIT_RETAIN_SELF = YES;
				CLANG_WARN_OBJC_LITERAL_CONVERSION = YES;
				CLANG_WARN_OBJC_ROOT_CLASS = YES_ERROR;
				CLANG_WARN_QUOTED_INCLUDE_IN_FRAMEWORK_HEADER = YES;
				CLANG_WARN_RANGE_LOOP_ANALYSIS = YES;
				CLANG_WARN_STRICT_PROTOTYPES = YES;
				CLANG_WARN_SUSPICIOUS_MOVE = YES;
				CLANG_WARN_UNGUARDED_AVAILABILITY = YES_AGGRESSIVE;
				CLANG_WARN_UNREACHABLE_CODE = YES;
				CLANG_WARN__DUPLICATE_METHOD_MATCH = YES;
				COPY_PHASE_STRIP = NO;
				DEBUG_INFORMATION_FORMAT = "dwarf-with-dsym";
				ENABLE_NS_ASSERTIONS = NO;
				ENABLE_STRICT_OBJC_MSGSEND = YES;
				ENABLE_USER_SCRIPT_SANDBOXING = YES;
				GCC_C_LANGUAGE_STANDARD = gnu17;
				GCC_NO_COMMON_BLOCKS = YES;
				GCC_WARN_64_TO_32_BIT_CONVERSION = YES;
				GCC_WARN_ABOUT_RETURN_TYPE = YES_ERROR;
				GCC_WARN_UNDECLARED_SELECTOR = YES;
				GCC_WARN_UNINITIALIZED_AUTOS = YES_AGGRESSIVE;
				GCC_WARN_UNUSED_FUNCTION = YES;
				GCC_WARN_UNUSED_VARIABLE = YES;
				IPHONEOS_DEPLOYMENT_TARGET = 17.5;
				LOCALIZATION_PREFERS_STRING_CATALOGS = YES;
				MTL_ENABLE_DEBUG_INFO = NO;
				MTL_FAST_MATH = YES;
				SDKROOT = iphoneos;
				SWIFT_COMPILATION_MODE = wholemodule;
				VALIDATE_PRODUCT = YES;
			};
			name = Release;
		};
		4FA363FF2CDF488200AB3898 /* Debug */ = {
			isa = XCBuildConfiguration;
			buildSettings = {
				ASSETCATALOG_COMPILER_APPICON_NAME = AppIcon;
				ASSETCATALOG_COMPILER_GLOBAL_ACCENT_COLOR_NAME = AccentColor;
				CODE_SIGN_STYLE = Automatic;
				CURRENT_PROJECT_VERSION = 1;
				DEVELOPMENT_TEAM = TX9R26AVUZ;
				GENERATE_INFOPLIST_FILE = YES;
				INFOPLIST_FILE = Weather15/Info.plist;
				INFOPLIST_KEY_UIApplicationSupportsIndirectInputEvents = YES;
				INFOPLIST_KEY_UILaunchStoryboardName = LaunchScreen;
				INFOPLIST_KEY_UISupportedInterfaceOrientations_iPad = "UIInterfaceOrientationPortrait UIInterfaceOrientationPortraitUpsideDown UIInterfaceOrientationLandscapeLeft UIInterfaceOrientationLandscapeRight";
				INFOPLIST_KEY_UISupportedInterfaceOrientations_iPhone = "UIInterfaceOrientationPortrait UIInterfaceOrientationLandscapeLeft UIInterfaceOrientationLandscapeRight";
				IPHONEOS_DEPLOYMENT_TARGET = 12.0;
				LD_RUNPATH_SEARCH_PATHS = (
					"$(inherited)",
					"@executable_path/Frameworks",
				);
				MARKETING_VERSION = 1.0;
				PRODUCT_BUNDLE_IDENTIFIER = com.quan.dnl.Weather15;
				PRODUCT_NAME = "$(TARGET_NAME)";
				SWIFT_EMIT_LOC_STRINGS = YES;
				SWIFT_VERSION = 5.0;
				TARGETED_DEVICE_FAMILY = "1,2";
			};
			name = Debug;
		};
		4FA364002CDF488200AB3898 /* Release */ = {
			isa = XCBuildConfiguration;
			buildSettings = {
				ASSETCATALOG_COMPILER_APPICON_NAME = AppIcon;
				ASSETCATALOG_COMPILER_GLOBAL_ACCENT_COLOR_NAME = AccentColor;
				CODE_SIGN_STYLE = Automatic;
				CURRENT_PROJECT_VERSION = 1;
				DEVELOPMENT_TEAM = TX9R26AVUZ;
				GENERATE_INFOPLIST_FILE = YES;
				INFOPLIST_FILE = Weather15/Info.plist;
				INFOPLIST_KEY_UIApplicationSupportsIndirectInputEvents = YES;
				INFOPLIST_KEY_UILaunchStoryboardName = LaunchScreen;
				INFOPLIST_KEY_UISupportedInterfaceOrientations_iPad = "UIInterfaceOrientationPortrait UIInterfaceOrientationPortraitUpsideDown UIInterfaceOrientationLandscapeLeft UIInterfaceOrientationLandscapeRight";
				INFOPLIST_KEY_UISupportedInterfaceOrientations_iPhone = "UIInterfaceOrientationPortrait UIInterfaceOrientationLandscapeLeft UIInterfaceOrientationLandscapeRight";
				IPHONEOS_DEPLOYMENT_TARGET = 12.0;
				LD_RUNPATH_SEARCH_PATHS = (
					"$(inherited)",
					"@executable_path/Frameworks",
				);
				MARKETING_VERSION = 1.0;
				PRODUCT_BUNDLE_IDENTIFIER = com.quan.dnl.Weather15;
				PRODUCT_NAME = "$(TARGET_NAME)";
				SWIFT_EMIT_LOC_STRINGS = YES;
				SWIFT_VERSION = 5.0;
				TARGETED_DEVICE_FAMILY = "1,2";
			};
			name = Release;
		};
		4FA364022CDF488200AB3898 /* Debug */ = {
			isa = XCBuildConfiguration;
			buildSettings = {
				ALWAYS_EMBED_SWIFT_STANDARD_LIBRARIES = YES;
				BUNDLE_LOADER = "$(TEST_HOST)";
				CODE_SIGN_STYLE = Automatic;
				CURRENT_PROJECT_VERSION = 1;
				DEVELOPMENT_TEAM = TX9R26AVUZ;
				GENERATE_INFOPLIST_FILE = YES;
				IPHONEOS_DEPLOYMENT_TARGET = 17.5;
				MARKETING_VERSION = 1.0;
				PRODUCT_BUNDLE_IDENTIFIER = com.quan.dnl.Weather15Tests;
				PRODUCT_NAME = "$(TARGET_NAME)";
				SWIFT_EMIT_LOC_STRINGS = NO;
				SWIFT_VERSION = 5.0;
				TARGETED_DEVICE_FAMILY = "1,2";
				TEST_HOST = "$(BUILT_PRODUCTS_DIR)/Weather15.app/$(BUNDLE_EXECUTABLE_FOLDER_PATH)/Weather15";
			};
			name = Debug;
		};
		4FA364032CDF488200AB3898 /* Release */ = {
			isa = XCBuildConfiguration;
			buildSettings = {
				ALWAYS_EMBED_SWIFT_STANDARD_LIBRARIES = YES;
				BUNDLE_LOADER = "$(TEST_HOST)";
				CODE_SIGN_STYLE = Automatic;
				CURRENT_PROJECT_VERSION = 1;
				DEVELOPMENT_TEAM = TX9R26AVUZ;
				GENERATE_INFOPLIST_FILE = YES;
				IPHONEOS_DEPLOYMENT_TARGET = 17.5;
				MARKETING_VERSION = 1.0;
				PRODUCT_BUNDLE_IDENTIFIER = com.quan.dnl.Weather15Tests;
				PRODUCT_NAME = "$(TARGET_NAME)";
				SWIFT_EMIT_LOC_STRINGS = NO;
				SWIFT_VERSION = 5.0;
				TARGETED_DEVICE_FAMILY = "1,2";
				TEST_HOST = "$(BUILT_PRODUCTS_DIR)/Weather15.app/$(BUNDLE_EXECUTABLE_FOLDER_PATH)/Weather15";
			};
			name = Release;
		};
		4FA364052CDF488200AB3898 /* Debug */ = {
			isa = XCBuildConfiguration;
			buildSettings = {
				ALWAYS_EMBED_SWIFT_STANDARD_LIBRARIES = YES;
				CODE_SIGN_STYLE = Automatic;
				CURRENT_PROJECT_VERSION = 1;
				DEVELOPMENT_TEAM = TX9R26AVUZ;
				GENERATE_INFOPLIST_FILE = YES;
				MARKETING_VERSION = 1.0;
				PRODUCT_BUNDLE_IDENTIFIER = com.quan.dnl.Weather15UITests;
				PRODUCT_NAME = "$(TARGET_NAME)";
				SWIFT_EMIT_LOC_STRINGS = NO;
				SWIFT_VERSION = 5.0;
				TARGETED_DEVICE_FAMILY = "1,2";
				TEST_TARGET_NAME = Weather15;
			};
			name = Debug;
		};
		4FA364062CDF488200AB3898 /* Release */ = {
			isa = XCBuildConfiguration;
			buildSettings = {
				ALWAYS_EMBED_SWIFT_STANDARD_LIBRARIES = YES;
				CODE_SIGN_STYLE = Automatic;
				CURRENT_PROJECT_VERSION = 1;
				DEVELOPMENT_TEAM = TX9R26AVUZ;
				GENERATE_INFOPLIST_FILE = YES;
				MARKETING_VERSION = 1.0;
				PRODUCT_BUNDLE_IDENTIFIER = com.quan.dnl.Weather15UITests;
				PRODUCT_NAME = "$(TARGET_NAME)";
				SWIFT_EMIT_LOC_STRINGS = NO;
				SWIFT_VERSION = 5.0;
				TARGETED_DEVICE_FAMILY = "1,2";
				TEST_TARGET_NAME = Weather15;
			};
			name = Release;
		};
/* End XCBuildConfiguration section */

/* Begin XCConfigurationList section */
		4FA363CC2CDF488100AB3898 /* Build configuration list for PBXProject "Weather15" */ = {
			isa = XCConfigurationList;
			buildConfigurations = (
				4FA363FC2CDF488200AB3898 /* Debug */,
				4FA363FD2CDF488200AB3898 /* Release */,
			);
			defaultConfigurationIsVisible = 0;
			defaultConfigurationName = Release;
		};
		4FA363FE2CDF488200AB3898 /* Build configuration list for PBXNativeTarget "Weather15" */ = {
			isa = XCConfigurationList;
			buildConfigurations = (
				4FA363FF2CDF488200AB3898 /* Debug */,
				4FA364002CDF488200AB3898 /* Release */,
			);
			defaultConfigurationIsVisible = 0;
			defaultConfigurationName = Release;
		};
		4FA364012CDF488200AB3898 /* Build configuration list for PBXNativeTarget "Weather15Tests" */ = {
			isa = XCConfigurationList;
			buildConfigurations = (
				4FA364022CDF488200AB3898 /* Debug */,
				4FA364032CDF488200AB3898 /* Release */,
			);
			defaultConfigurationIsVisible = 0;
			defaultConfigurationName = Release;
		};
		4FA364042CDF488200AB3898 /* Build configuration list for PBXNativeTarget "Weather15UITests" */ = {
			isa = XCConfigurationList;
			buildConfigurations = (
				4FA364052CDF488200AB3898 /* Debug */,
				4FA364062CDF488200AB3898 /* Release */,
			);
			defaultConfigurationIsVisible = 0;
			defaultConfigurationName = Release;
		};
/* End XCConfigurationList section */

/* Begin XCVersionGroup section */
		4FA363DD2CDF488100AB3898 /* Weather15.xcdatamodeld */ = {
			isa = XCVersionGroup;
			children = (
				4FA363DE2CDF488100AB3898 /* Weather15.xcdatamodel */,
			);
			currentVersion = 4FA363DE2CDF488100AB3898 /* Weather15.xcdatamodel */;
			path = Weather15.xcdatamodeld;
			sourceTree = "<group>";
			versionGroupType = wrapper.xcdatamodel;
		};
/* End XCVersionGroup section */
	};
	rootObject = 4FA363C92CDF488100AB3898 /* Project object */;
}
